<?xml version="1.0" encoding="utf-8"?>
<Project ToolsVersion="16.0" xmlns="http://schemas.microsoft.com/developer/msbuild/2003">
  <ItemGroup>
    <CustomBuild Include="C:\Users\pop_a\Desktop\worksheet4\hello_cmake\calc_cmake\CMakeFiles\4a784765bd770cc68bf364ff4d91b32e\generate.stamp.rule">
      <Filter>CMake Rules</Filter>
    </CustomBuild>
  </ItemGroup>
  <ItemGroup>
    <Filter Include="CMake Rules">
      <UniqueIdentifier>{DD962179-C17D-3BF2-B9D0-5EB131A42005}</UniqueIdentifier>
    </Filter>
  </ItemGroup>
</Project>
