<?xml version="1.0" encoding="utf-8"?>
<Project ToolsVersion="16.0" xmlns="http://schemas.microsoft.com/developer/msbuild/2003">
  <ItemGroup>
    <CustomBuild Include="C:\Users\pop_a\Desktop\worksheet4\hello_cmake\calc_cmake\msvc_static\CMakeFiles\d4faae0c1ce7bb28b27490bdd3058aff\generate.stamp.rule">
      <Filter>CMake Rules</Filter>
    </CustomBuild>
  </ItemGroup>
  <ItemGroup>
    <Filter Include="CMake Rules">
      <UniqueIdentifier>{74C8C4DD-03D1-3B9C-A75C-9B53F109B779}</UniqueIdentifier>
    </Filter>
  </ItemGroup>
</Project>
